
Microsoft Visual Studio Solution File, Format Version 12.00
# Visual Studio Version 17
VisualStudioVersion = 17.7.34024.191
MinimumVisualStudioVersion = 10.0.40219.1
Project("{2150E333-8FDC-42A3-9474-1A3956D46DE8}") = "src", "src", "{94D1D405-E9C2-4FB3-A220-1E5C4AB2C2B4}"
	ProjectSection(SolutionItems) = preProject
		src\Directory.Build.props = src\Directory.Build.props
	EndProjectSection
EndProject
Project("{9A19103F-16F7-4668-BE54-9A1E7A4F7556}") = "ProtoBufJsonConverter", "src\ProtoBufJsonConverter\ProtoBufJsonConverter.csproj", "{9A0C2368-CBD5-4500-9BDA-4AAD32280761}"
EndProject
Project("{2150E333-8FDC-42A3-9474-1A3956D46DE8}") = "example", "example", "{6F341AD1-BB1C-4CCF-91B7-F55688619CEE}"
EndProject
Project("{9A19103F-16F7-4668-BE54-9A1E7A4F7556}") = "ConsoleApp", "examples\ConsoleApp\ConsoleApp.csproj", "{4E6249E8-CD31-4193-899C-B2853C48C212}"
EndProject
Project("{2150E333-8FDC-42A3-9474-1A3956D46DE8}") = "Solution Items", "Solution Items", "{6A9880FB-CAF7-4373-8877-3EFA092736C0}"
	ProjectSection(SolutionItems) = preProject
		Generate-ReleaseNotes.bat = Generate-ReleaseNotes.bat
		PackageReadme.md = PackageReadme.md
		PackageReleaseNotes.template = PackageReleaseNotes.template
		PackageReleaseNotes.txt = PackageReleaseNotes.txt
		README.md = README.md
		ReleaseNotes.md = ReleaseNotes.md
	EndProjectSection
EndProject
Project("{2150E333-8FDC-42A3-9474-1A3956D46DE8}") = "test", "test", "{CEFF40B4-4435-408E-B0B9-F93903A8B470}"
EndProject
Project("{9A19103F-16F7-4668-BE54-9A1E7A4F7556}") = "ProtoBufJsonConverterTests", "test\ProtoBufJsonConverterTests\ProtoBufJsonConverterTests.csproj", "{0EB1E62D-549F-4C21-9181-5F3EFA5D7C34}"
EndProject
Project("{2150E333-8FDC-42A3-9474-1A3956D46DE8}") = "example - Static Web App", "example - Static Web App", "{80477701-191F-4E7D-8D84-01276E9F4FB0}"
EndProject
Project("{9A19103F-16F7-4668-BE54-9A1E7A4F7556}") = "Shared", "examples\Blazor\Shared\Shared.csproj", "{C0FA0CB3-C0CB-4896-BE36-9A504816D202}"
EndProject
Project("{9A19103F-16F7-4668-BE54-9A1E7A4F7556}") = "Api", "examples\Blazor\Api\Api.csproj", "{50505706-A8C1-47DC-82F5-E8B96C80E767}"
EndProject
Project("{9A19103F-16F7-4668-BE54-9A1E7A4F7556}") = "Client8", "examples\Blazor\Client8\Client8.csproj", "{AACB5936-C6C8-4A53-A58A-9F7A05097BAE}"
EndProject
Project("{9A19103F-16F7-4668-BE54-9A1E7A4F7556}") = "ProtoBufJsonConverter.Blazor", "examples\ProtoBufJsonConverter.Blazor\ProtoBufJsonConverter.Blazor.csproj", "{A58F54FD-3E70-465B-9CD5-2565D7CDE069}"
EndProject
Project("{2150E333-8FDC-42A3-9474-1A3956D46DE8}") = "example - Blazor", "example - Blazor", "{F83CE41A-E6D0-4F4B-B827-BC7DFC2FE003}"
EndProject
Project("{2150E333-8FDC-42A3-9474-1A3956D46DE8}") = "src-webcil", "src-webcil", "{B8BEB781-C0D7-4FC5-AE6A-9BC038176304}"
	ProjectSection(SolutionItems) = preProject
		src-webcil\Directory.Build.props = src-webcil\Directory.Build.props
		src-webcil\Readme.md = src-webcil\Readme.md
	EndProjectSection
EndProject
Project("{9A19103F-16F7-4668-BE54-9A1E7A4F7556}") = "Microsoft.NET.WebAssembly.Webcil", "src-webcil\Microsoft.NET.WebAssembly.Webcil\Microsoft.NET.WebAssembly.Webcil.csproj", "{A0E3D469-BB99-4CE8-8679-54C0F7278072}"
EndProject
Project("{9A19103F-16F7-4668-BE54-9A1E7A4F7556}") = "MetadataReferenceService.Abstractions", "src-webcil\MetadataReferenceService.Abstractions\MetadataReferenceService.Abstractions.csproj", "{6B034AE5-81D0-4F4B-91E1-1A448F162833}"
EndProject
Project("{9A19103F-16F7-4668-BE54-9A1E7A4F7556}") = "MetadataReferenceService.BlazorWasm", "src-webcil\MetadataReferenceService.BlazorWasm\MetadataReferenceService.BlazorWasm.csproj", "{0F7B1AEF-1C1C-441F-B8AF-5B94685E9DE9}"
EndProject
Project("{9A19103F-16F7-4668-BE54-9A1E7A4F7556}") = "MetadataReferenceService.Default", "src-webcil\MetadataReferenceService.Default\MetadataReferenceService.Default.csproj", "{877551BE-B1E5-4B9C-B64D-36923C8B7A5D}"
EndProject
Project("{9A19103F-16F7-4668-BE54-9A1E7A4F7556}") = "MetadataReferenceServiceTests", "test\MetadataReferenceServiceTests\MetadataReferenceServiceTests.csproj", "{F873B159-D977-45BA-9CE4-882FB0B806CC}"
EndProject
Project("{FAE04EC0-301F-11D3-BF4B-00C04F79EFBC}") = "ConsoleAppGoogleProtobuf", "examples\ConsoleAppGoogleProtobuf\ConsoleAppGoogleProtobuf.csproj", "{EBA6EFF6-AC4B-4D78-A92C-5C9309D88B3A}"
EndProject
Project("{2150E333-8FDC-42A3-9474-1A3956D46DE8}") = "GitHub Actions", "GitHub Actions", "{0A5EC1F9-7985-4428-B2C8-645FE2C28694}"
	ProjectSection(SolutionItems) = preProject
		.github\workflows\azure-static-web-apps.yml = .github\workflows\azure-static-web-apps.yml
		.github\workflows\ci.yml = .github\workflows\ci.yml
		.github\workflows\CreateRelease.yml = .github\workflows\CreateRelease.yml
	EndProjectSection
EndProject
Global
	GlobalSection(SolutionConfigurationPlatforms) = preSolution
		Debug|Any CPU = Debug|Any CPU
		Release|Any CPU = Release|Any CPU
		VS|Any CPU = VS|Any CPU
	EndGlobalSection
	GlobalSection(ProjectConfigurationPlatforms) = postSolution
		{9A0C2368-CBD5-4500-9BDA-4AAD32280761}.Debug|Any CPU.ActiveCfg = Debug|Any CPU
		{9A0C2368-CBD5-4500-9BDA-4AAD32280761}.Debug|Any CPU.Build.0 = Debug|Any CPU
		{9A0C2368-CBD5-4500-9BDA-4AAD32280761}.Release|Any CPU.ActiveCfg = Release|Any CPU
		{9A0C2368-CBD5-4500-9BDA-4AAD32280761}.Release|Any CPU.Build.0 = Release|Any CPU
		{9A0C2368-CBD5-4500-9BDA-4AAD32280761}.VS|Any CPU.ActiveCfg = Release|Any CPU
		{9A0C2368-CBD5-4500-9BDA-4AAD32280761}.VS|Any CPU.Build.0 = Release|Any CPU
		{4E6249E8-CD31-4193-899C-B2853C48C212}.Debug|Any CPU.ActiveCfg = Debug|Any CPU
		{4E6249E8-CD31-4193-899C-B2853C48C212}.Debug|Any CPU.Build.0 = Debug|Any CPU
		{4E6249E8-CD31-4193-899C-B2853C48C212}.Release|Any CPU.ActiveCfg = Release|Any CPU
		{4E6249E8-CD31-4193-899C-B2853C48C212}.Release|Any CPU.Build.0 = Release|Any CPU
		{4E6249E8-CD31-4193-899C-B2853C48C212}.VS|Any CPU.ActiveCfg = Release|Any CPU
		{0EB1E62D-549F-4C21-9181-5F3EFA5D7C34}.Debug|Any CPU.ActiveCfg = Debug|Any CPU
		{0EB1E62D-549F-4C21-9181-5F3EFA5D7C34}.Debug|Any CPU.Build.0 = Debug|Any CPU
		{0EB1E62D-549F-4C21-9181-5F3EFA5D7C34}.Release|Any CPU.ActiveCfg = Release|Any CPU
		{0EB1E62D-549F-4C21-9181-5F3EFA5D7C34}.Release|Any CPU.Build.0 = Release|Any CPU
		{0EB1E62D-549F-4C21-9181-5F3EFA5D7C34}.VS|Any CPU.ActiveCfg = Release|Any CPU
		{0EB1E62D-549F-4C21-9181-5F3EFA5D7C34}.VS|Any CPU.Build.0 = Release|Any CPU
		{C0FA0CB3-C0CB-4896-BE36-9A504816D202}.Debug|Any CPU.ActiveCfg = Debug|Any CPU
		{C0FA0CB3-C0CB-4896-BE36-9A504816D202}.Debug|Any CPU.Build.0 = Debug|Any CPU
		{C0FA0CB3-C0CB-4896-BE36-9A504816D202}.Release|Any CPU.ActiveCfg = Release|Any CPU
		{C0FA0CB3-C0CB-4896-BE36-9A504816D202}.Release|Any CPU.Build.0 = Release|Any CPU
		{C0FA0CB3-C0CB-4896-BE36-9A504816D202}.VS|Any CPU.ActiveCfg = Release|Any CPU
		{C0FA0CB3-C0CB-4896-BE36-9A504816D202}.VS|Any CPU.Build.0 = Release|Any CPU
		{50505706-A8C1-47DC-82F5-E8B96C80E767}.Debug|Any CPU.ActiveCfg = Debug|Any CPU
		{50505706-A8C1-47DC-82F5-E8B96C80E767}.Debug|Any CPU.Build.0 = Debug|Any CPU
		{50505706-A8C1-47DC-82F5-E8B96C80E767}.Release|Any CPU.ActiveCfg = Release|Any CPU
		{50505706-A8C1-47DC-82F5-E8B96C80E767}.Release|Any CPU.Build.0 = Release|Any CPU
		{50505706-A8C1-47DC-82F5-E8B96C80E767}.VS|Any CPU.ActiveCfg = Release|Any CPU
		{50505706-A8C1-47DC-82F5-E8B96C80E767}.VS|Any CPU.Build.0 = Release|Any CPU
		{AACB5936-C6C8-4A53-A58A-9F7A05097BAE}.Debug|Any CPU.ActiveCfg = Debug|Any CPU
		{AACB5936-C6C8-4A53-A58A-9F7A05097BAE}.Debug|Any CPU.Build.0 = Debug|Any CPU
		{AACB5936-C6C8-4A53-A58A-9F7A05097BAE}.Release|Any CPU.ActiveCfg = Release|Any CPU
		{AACB5936-C6C8-4A53-A58A-9F7A05097BAE}.Release|Any CPU.Build.0 = Release|Any CPU
		{AACB5936-C6C8-4A53-A58A-9F7A05097BAE}.VS|Any CPU.ActiveCfg = Release|Any CPU
		{AACB5936-C6C8-4A53-A58A-9F7A05097BAE}.VS|Any CPU.Build.0 = Release|Any CPU
		{A58F54FD-3E70-465B-9CD5-2565D7CDE069}.Debug|Any CPU.ActiveCfg = Debug|Any CPU
		{A58F54FD-3E70-465B-9CD5-2565D7CDE069}.Debug|Any CPU.Build.0 = Debug|Any CPU
		{A58F54FD-3E70-465B-9CD5-2565D7CDE069}.Release|Any CPU.ActiveCfg = Release|Any CPU
		{A58F54FD-3E70-465B-9CD5-2565D7CDE069}.Release|Any CPU.Build.0 = Release|Any CPU
		{A58F54FD-3E70-465B-9CD5-2565D7CDE069}.VS|Any CPU.ActiveCfg = Release|Any CPU
		{A58F54FD-3E70-465B-9CD5-2565D7CDE069}.VS|Any CPU.Build.0 = Release|Any CPU
		{A0E3D469-BB99-4CE8-8679-54C0F7278072}.Debug|Any CPU.ActiveCfg = Debug|Any CPU
		{A0E3D469-BB99-4CE8-8679-54C0F7278072}.Debug|Any CPU.Build.0 = Debug|Any CPU
		{A0E3D469-BB99-4CE8-8679-54C0F7278072}.Release|Any CPU.ActiveCfg = Release|Any CPU
		{A0E3D469-BB99-4CE8-8679-54C0F7278072}.Release|Any CPU.Build.0 = Release|Any CPU
		{A0E3D469-BB99-4CE8-8679-54C0F7278072}.VS|Any CPU.ActiveCfg = Release|Any CPU
		{A0E3D469-BB99-4CE8-8679-54C0F7278072}.VS|Any CPU.Build.0 = Release|Any CPU
		{6B034AE5-81D0-4F4B-91E1-1A448F162833}.Debug|Any CPU.ActiveCfg = Debug|Any CPU
		{6B034AE5-81D0-4F4B-91E1-1A448F162833}.Debug|Any CPU.Build.0 = Debug|Any CPU
		{6B034AE5-81D0-4F4B-91E1-1A448F162833}.Release|Any CPU.ActiveCfg = Release|Any CPU
		{6B034AE5-81D0-4F4B-91E1-1A448F162833}.Release|Any CPU.Build.0 = Release|Any CPU
		{6B034AE5-81D0-4F4B-91E1-1A448F162833}.VS|Any CPU.ActiveCfg = Release|Any CPU
		{6B034AE5-81D0-4F4B-91E1-1A448F162833}.VS|Any CPU.Build.0 = Release|Any CPU
		{0F7B1AEF-1C1C-441F-B8AF-5B94685E9DE9}.Debug|Any CPU.ActiveCfg = Debug|Any CPU
		{0F7B1AEF-1C1C-441F-B8AF-5B94685E9DE9}.Debug|Any CPU.Build.0 = Debug|Any CPU
		{0F7B1AEF-1C1C-441F-B8AF-5B94685E9DE9}.Release|Any CPU.ActiveCfg = Release|Any CPU
		{0F7B1AEF-1C1C-441F-B8AF-5B94685E9DE9}.Release|Any CPU.Build.0 = Release|Any CPU
		{0F7B1AEF-1C1C-441F-B8AF-5B94685E9DE9}.VS|Any CPU.ActiveCfg = Release|Any CPU
		{0F7B1AEF-1C1C-441F-B8AF-5B94685E9DE9}.VS|Any CPU.Build.0 = Release|Any CPU
		{877551BE-B1E5-4B9C-B64D-36923C8B7A5D}.Debug|Any CPU.ActiveCfg = Debug|Any CPU
		{877551BE-B1E5-4B9C-B64D-36923C8B7A5D}.Debug|Any CPU.Build.0 = Debug|Any CPU
		{877551BE-B1E5-4B9C-B64D-36923C8B7A5D}.Release|Any CPU.ActiveCfg = Release|Any CPU
		{877551BE-B1E5-4B9C-B64D-36923C8B7A5D}.Release|Any CPU.Build.0 = Release|Any CPU
		{877551BE-B1E5-4B9C-B64D-36923C8B7A5D}.VS|Any CPU.ActiveCfg = Release|Any CPU
		{877551BE-B1E5-4B9C-B64D-36923C8B7A5D}.VS|Any CPU.Build.0 = Release|Any CPU
		{F873B159-D977-45BA-9CE4-882FB0B806CC}.Debug|Any CPU.ActiveCfg = Debug|Any CPU
		{F873B159-D977-45BA-9CE4-882FB0B806CC}.Debug|Any CPU.Build.0 = Debug|Any CPU
		{F873B159-D977-45BA-9CE4-882FB0B806CC}.Release|Any CPU.ActiveCfg = Release|Any CPU
		{F873B159-D977-45BA-9CE4-882FB0B806CC}.Release|Any CPU.Build.0 = Release|Any CPU
		{F873B159-D977-45BA-9CE4-882FB0B806CC}.VS|Any CPU.ActiveCfg = Release|Any CPU
		{F873B159-D977-45BA-9CE4-882FB0B806CC}.VS|Any CPU.Build.0 = Release|Any CPU
		{EBA6EFF6-AC4B-4D78-A92C-5C9309D88B3A}.Debug|Any CPU.ActiveCfg = Debug|Any CPU
		{EBA6EFF6-AC4B-4D78-A92C-5C9309D88B3A}.Debug|Any CPU.Build.0 = Debug|Any CPU
		{EBA6EFF6-AC4B-4D78-A92C-5C9309D88B3A}.Release|Any CPU.ActiveCfg = Release|Any CPU
		{EBA6EFF6-AC4B-4D78-A92C-5C9309D88B3A}.Release|Any CPU.Build.0 = Release|Any CPU
		{EBA6EFF6-AC4B-4D78-A92C-5C9309D88B3A}.VS|Any CPU.ActiveCfg = Debug|Any CPU
		{EBA6EFF6-AC4B-4D78-A92C-5C9309D88B3A}.VS|Any CPU.Build.0 = Debug|Any CPU
	EndGlobalSection
	GlobalSection(SolutionProperties) = preSolution
		HideSolutionNode = FALSE
	EndGlobalSection
	GlobalSection(NestedProjects) = preSolution
		{9A0C2368-CBD5-4500-9BDA-4AAD32280761} = {94D1D405-E9C2-4FB3-A220-1E5C4AB2C2B4}
		{4E6249E8-CD31-4193-899C-B2853C48C212} = {6F341AD1-BB1C-4CCF-91B7-F55688619CEE}
		{0EB1E62D-549F-4C21-9181-5F3EFA5D7C34} = {CEFF40B4-4435-408E-B0B9-F93903A8B470}
		{C0FA0CB3-C0CB-4896-BE36-9A504816D202} = {80477701-191F-4E7D-8D84-01276E9F4FB0}
		{50505706-A8C1-47DC-82F5-E8B96C80E767} = {80477701-191F-4E7D-8D84-01276E9F4FB0}
		{AACB5936-C6C8-4A53-A58A-9F7A05097BAE} = {80477701-191F-4E7D-8D84-01276E9F4FB0}
		{A58F54FD-3E70-465B-9CD5-2565D7CDE069} = {F83CE41A-E6D0-4F4B-B827-BC7DFC2FE003}
		{A0E3D469-BB99-4CE8-8679-54C0F7278072} = {B8BEB781-C0D7-4FC5-AE6A-9BC038176304}
		{6B034AE5-81D0-4F4B-91E1-1A448F162833} = {B8BEB781-C0D7-4FC5-AE6A-9BC038176304}
		{0F7B1AEF-1C1C-441F-B8AF-5B94685E9DE9} = {B8BEB781-C0D7-4FC5-AE6A-9BC038176304}
		{877551BE-B1E5-4B9C-B64D-36923C8B7A5D} = {B8BEB781-C0D7-4FC5-AE6A-9BC038176304}
		{F873B159-D977-45BA-9CE4-882FB0B806CC} = {CEFF40B4-4435-408E-B0B9-F93903A8B470}
		{EBA6EFF6-AC4B-4D78-A92C-5C9309D88B3A} = {6F341AD1-BB1C-4CCF-91B7-F55688619CEE}
		{0A5EC1F9-7985-4428-B2C8-645FE2C28694} = {6A9880FB-CAF7-4373-8877-3EFA092736C0}
	EndGlobalSection
	GlobalSection(ExtensibilityGlobals) = postSolution
		SolutionGuid = {45F31459-D6F5-441C-890A-F02A1328053D}
	EndGlobalSection
EndGlobal
