
Microsoft Visual Studio Solution File, Format Version 12.00
# Visual Studio Version 17
VisualStudioVersion = 17.7.34024.191
MinimumVisualStudioVersion = 10.0.40219.1
Project("{2150E333-8FDC-42A3-9474-1A3956D46DE8}") = "src", "src", "{94D1D405-E9C2-4FB3-A220-1E5C4AB2C2B4}"
EndProject
Project("{9A19103F-16F7-4668-BE54-9A1E7A4F7556}") = "ProtoBufJsonConverter", "src\ProtoBufJsonConverter\ProtoBufJsonConverter.csproj", "{9A0C2368-CBD5-4500-9BDA-4AAD32280761}"
EndProject
Project("{2150E333-8FDC-42A3-9474-1A3956D46DE8}") = "examples", "examples", "{6F341AD1-BB1C-4CCF-91B7-F55688619CEE}"
EndProject
Project("{9A19103F-16F7-4668-BE54-9A1E7A4F7556}") = "ConsoleApp", "examples\ConsoleApp\ConsoleApp.csproj", "{4E6249E8-CD31-4193-899C-B2853C48C212}"
EndProject
Project("{2150E333-8FDC-42A3-9474-1A3956D46DE8}") = "Solution Items", "Solution Items", "{6A9880FB-CAF7-4373-8877-3EFA092736C0}"
	ProjectSection(SolutionItems) = preProject
		Directory.Build.props = Directory.Build.props
		Generate-ReleaseNotes.bat = Generate-ReleaseNotes.bat
		PackageReadme.md = PackageReadme.md
		PackageReleaseNotes.template = PackageReleaseNotes.template
		PackageReleaseNotes.txt = PackageReleaseNotes.txt
		README.md = README.md
		version.xml = version.xml
	EndProjectSection
EndProject
Global
	GlobalSection(SolutionConfigurationPlatforms) = preSolution
		Debug|Any CPU = Debug|Any CPU
		Release|Any CPU = Release|Any CPU
	EndGlobalSection
	GlobalSection(ProjectConfigurationPlatforms) = postSolution
		{9A0C2368-CBD5-4500-9BDA-4AAD32280761}.Debug|Any CPU.ActiveCfg = Debug|Any CPU
		{9A0C2368-CBD5-4500-9BDA-4AAD32280761}.Debug|Any CPU.Build.0 = Debug|Any CPU
		{9A0C2368-CBD5-4500-9BDA-4AAD32280761}.Release|Any CPU.ActiveCfg = Release|Any CPU
		{9A0C2368-CBD5-4500-9BDA-4AAD32280761}.Release|Any CPU.Build.0 = Release|Any CPU
		{4E6249E8-CD31-4193-899C-B2853C48C212}.Debug|Any CPU.ActiveCfg = Debug|Any CPU
		{4E6249E8-CD31-4193-899C-B2853C48C212}.Debug|Any CPU.Build.0 = Debug|Any CPU
		{4E6249E8-CD31-4193-899C-B2853C48C212}.Release|Any CPU.ActiveCfg = Release|Any CPU
		{4E6249E8-CD31-4193-899C-B2853C48C212}.Release|Any CPU.Build.0 = Release|Any CPU
	EndGlobalSection
	GlobalSection(SolutionProperties) = preSolution
		HideSolutionNode = FALSE
	EndGlobalSection
	GlobalSection(NestedProjects) = preSolution
		{9A0C2368-CBD5-4500-9BDA-4AAD32280761} = {94D1D405-E9C2-4FB3-A220-1E5C4AB2C2B4}
		{4E6249E8-CD31-4193-899C-B2853C48C212} = {6F341AD1-BB1C-4CCF-91B7-F55688619CEE}
	EndGlobalSection
	GlobalSection(ExtensibilityGlobals) = postSolution
		SolutionGuid = {45F31459-D6F5-441C-890A-F02A1328053D}
	EndGlobalSection
EndGlobal
